lockfileVersion: '9.0'

settings:
  autoInstallPeers: true
  excludeLinksFromLockfile: false

importers:

  .:
    dependencies:
      suncalc:
        specifier: ^1.9.0
        version: 1.9.0
    devDependencies:
      '@types/suncalc':
        specifier: ^1.9.2
        version: 1.9.2
      typescript:
        specifier: ^5.9.3
        version: 5.9.3

packages:

  '@types/suncalc@1.9.2':
    resolution: {integrity: sha512-ATAGBHHfA1TlE2tjfidLyTcysjoT2JHHEAmWRULh73SU9UTn++j5fqHEW16X6Y/2Li87jEQXzgu4R/OOdlDqzw==}

  suncalc@1.9.0:
    resolution: {integrity: sha512-vMJ8Byp1uIPoj+wb9c1AdK4jpkSKVAywgHX0lqY7zt6+EWRRC3Z+0Ucfjy/0yxTVO1hwwchZe4uoFNqrIC24+A==}

  typescript@5.9.3:
    resolution: {integrity: sha512-jl1vZzPDinLr9eUt3J/t7V6FgNEw9QjvBPdysz9KfQDD41fQrC2Y4vKQdiaUpFT4bXlb1RHhLpp8wtm6M5TgSw==}
    engines: {node: '>=14.17'}
    hasBin: true

snapshots:

  '@types/suncalc@1.9.2': {}

  suncalc@1.9.0: {}

  typescript@5.9.3: {}
